
Microsoft Visual Studio Solution File, Format Version 12.00
# Visual Studio Version 17
VisualStudioVersion = 17.11.35327.3
MinimumVisualStudioVersion = 10.0.40219.1
Project("{FAE04EC0-301F-11D3-BF4B-00C04F79EFBC}") = "ForLoop", "ForLoop\ForLoop.csproj", "{E7FA0122-B8F0-4D13-913D-4DFDD24CBBCF}"
EndProject
Global
	GlobalSection(SolutionConfigurationPlatforms) = preSolution
		Debug|Any CPU = Debug|Any CPU
		Release|Any CPU = Release|Any CPU
	EndGlobalSection
	GlobalSection(ProjectConfigurationPlatforms) = postSolution
		{E7FA0122-B8F0-4D13-913D-4DFDD24CBBCF}.Debug|Any CPU.ActiveCfg = Debug|Any CPU
		{E7FA0122-B8F0-4D13-913D-4DFDD24CBBCF}.Debug|Any CPU.Build.0 = Debug|Any CPU
		{E7FA0122-B8F0-4D13-913D-4DFDD24CBBCF}.Release|Any CPU.ActiveCfg = Release|Any CPU
		{E7FA0122-B8F0-4D13-913D-4DFDD24CBBCF}.Release|Any CPU.Build.0 = Release|Any CPU
	EndGlobalSection
	GlobalSection(SolutionProperties) = preSolution
		HideSolutionNode = FALSE
	EndGlobalSection
	GlobalSection(ExtensibilityGlobals) = postSolution
		SolutionGuid = {6E03A6E7-72E7-408B-8396-630916899C13}
	EndGlobalSection
EndGlobal
